// !$*UTF8*$!
{
	archiveVersion = 1;
	classes = {
	};
	objectVersion = 46;
	objects = {

/* Begin PBXBuildFile section */
		EC0C117E103B048F87450E5A /* ContentView.swift in Sources */ = {isa = PBXBuildFile; fileRef = EC0C1CC5D198CB517E6E7FEB /* ContentView.swift */; };
		EC0C1554BD625E2142EDC35A /* Assets.xcassets in Resources */ = {isa = PBXBuildFile; fileRef = EC0C1FB2DE4B86EA7A037027 /* Assets.xcassets */; };
		EC0C1582A8F456FF33550289 /* Assets.xcassets in Resources */ = {isa = PBXBuildFile; fileRef = EC0C1FB2DE4B86EA7A037027 /* Assets.xcassets */; };
		EC0C192319F37A2AD66962ED /* ArithmioApp.swift in Sources */ = {isa = PBXBuildFile; fileRef = EC0C1CAEDFE9A53CAB9A99DB /* ArithmioApp.swift */; };
		EC0C1C1E79D0B78B87CBC386 /* ContentView.swift in Sources */ = {isa = PBXBuildFile; fileRef = EC0C1CC5D198CB517E6E7FEB /* ContentView.swift */; };
		EC0C1FACBB40ED73390887DE /* ArithmioApp.swift in Sources */ = {isa = PBXBuildFile; fileRef = EC0C1CAEDFE9A53CAB9A99DB /* ArithmioApp.swift */; };
/* End PBXBuildFile section */

/* Begin PBXFileReference section */
		EC0C1333DCBAF9B443CFE869 /* macOS.entitlements */ = {isa = PBXFileReference; lastKnownFileType = text.plist.entitlements; path = macOS.entitlements; sourceTree = "<group>"; };
		EC0C144297C13FD2D13385B9 /* Arithmio.app */ = {isa = PBXFileReference; explicitFileType = wrapper.application; includeInIndex = 0; path = Arithmio.app; sourceTree = BUILT_PRODUCTS_DIR; };
		EC0C1B492906D35647FF1CC0 /* Arithmio.app */ = {isa = PBXFileReference; explicitFileType = wrapper.application; includeInIndex = 0; path = Arithmio.app; sourceTree = BUILT_PRODUCTS_DIR; };
		EC0C1CAEDFE9A53CAB9A99DB /* ArithmioApp.swift */ = {isa = PBXFileReference; lastKnownFileType = sourcecode.swift; path = ArithmioApp.swift; sourceTree = "<group>"; };
		EC0C1CC5D198CB517E6E7FEB /* ContentView.swift */ = {isa = PBXFileReference; lastKnownFileType = sourcecode.swift; path = ContentView.swift; sourceTree = "<group>"; };
		EC0C1FB2DE4B86EA7A037027 /* Assets.xcassets */ = {isa = PBXFileReference; lastKnownFileType = folder.assetcatalog; path = Assets.xcassets; sourceTree = "<group>"; };
/* End PBXFileReference section */

/* Begin PBXFrameworksBuildPhase section */
		EC0C10289173DA1C16744628 /* Frameworks */ = {
			isa = PBXFrameworksBuildPhase;
			buildActionMask = 2147483647;
			files = (
			);
			runOnlyForDeploymentPostprocessing = 0;
		};
		EC0C1929A9674CD47045B826 /* Frameworks */ = {
			isa = PBXFrameworksBuildPhase;
			buildActionMask = 2147483647;
			files = (
			);
			runOnlyForDeploymentPostprocessing = 0;
		};
/* End PBXFrameworksBuildPhase section */

/* Begin PBXGroup section */
		EC0C11599DF20FA0D29C78C7 /* Shared */ = {
			isa = PBXGroup;
			children = (
				EC0C1FB2DE4B86EA7A037027 /* Assets.xcassets */,
				EC0C1CAEDFE9A53CAB9A99DB /* ArithmioApp.swift */,
				EC0C1CC5D198CB517E6E7FEB /* ContentView.swift */,
			);
			path = Shared;
			sourceTree = "<group>";
		};
		EC0C12480CF47C83162134B8 /* macOS */ = {
			isa = PBXGroup;
			children = (
				EC0C1333DCBAF9B443CFE869 /* macOS.entitlements */,
			);
			path = macOS;
			sourceTree = "<group>";
		};
		EC0C14B6B40BE132B9987457 = {
			isa = PBXGroup;
			children = (
				EC0C1B3DF321D409C816B792 /* Products */,
				EC0C11599DF20FA0D29C78C7 /* Shared */,
				EC0C12480CF47C83162134B8 /* macOS */,
			);
			sourceTree = "<group>";
		};
		EC0C1B3DF321D409C816B792 /* Products */ = {
			isa = PBXGroup;
			children = (
				EC0C144297C13FD2D13385B9 /* Arithmio.app */,
				EC0C1B492906D35647FF1CC0 /* Arithmio.app */,
			);
			name = Products;
			sourceTree = "<group>";
		};
/* End PBXGroup section */

/* Begin PBXNativeTarget section */
		EC0C1904B3E4BE580366E190 /* Arithmio (macOS) */ = {
			isa = PBXNativeTarget;
			buildConfigurationList = EC0C1A2793E90186227E5232 /* Build configuration list for PBXNativeTarget "Arithmio (macOS)" */;
			buildPhases = (
				EC0C123B765B84CBB6C82C2A /* Sources */,
				EC0C1929A9674CD47045B826 /* Frameworks */,
				EC0C154B12AC14C44B037185 /* Resources */,
			);
			buildRules = (
			);
			dependencies = (
			);
			name = "Arithmio (macOS)";
			productName = "Arithmio (macOS)";
			productReference = EC0C1B492906D35647FF1CC0 /* Arithmio.app */;
			productType = "com.apple.product-type.application";
		};
		EC0C1F79EEFC198910B49420 /* Arithmio (iOS) */ = {
			isa = PBXNativeTarget;
			buildConfigurationList = EC0C1D757F34255ACD0E491B /* Build configuration list for PBXNativeTarget "Arithmio (iOS)" */;
			buildPhases = (
				EC0C19D168B91213FED040AA /* Sources */,
				EC0C10289173DA1C16744628 /* Frameworks */,
				EC0C1FA5FAD5FDB83B5AE123 /* Resources */,
			);
			buildRules = (
			);
			dependencies = (
			);
			name = "Arithmio (iOS)";
			productName = "Arithmio (iOS)";
			productReference = EC0C144297C13FD2D13385B9 /* Arithmio.app */;
			productType = "com.apple.product-type.application";
		};
/* End PBXNativeTarget section */

/* Begin PBXProject section */
		EC0C1723AC05C907045991C6 /* Project object */ = {
			isa = PBXProject;
			buildConfigurationList = EC0C15FC2B56F6C053379E8F /* Build configuration list for PBXProject "Arithmio" */;
			compatibilityVersion = "Xcode 3.2";
			developmentRegion = English;
			hasScannedForEncodings = 0;
			knownRegions = (
				en,
			);
			mainGroup = EC0C14B6B40BE132B9987457;
			productRefGroup = EC0C1B3DF321D409C816B792 /* Products */;
			projectDirPath = "";
			projectRoot = "";
			targets = (
				EC0C1F79EEFC198910B49420 /* Arithmio (iOS) */,
				EC0C1904B3E4BE580366E190 /* Arithmio (macOS) */,
			);
		};
/* End PBXProject section */

/* Begin PBXResourcesBuildPhase section */
		EC0C154B12AC14C44B037185 /* Resources */ = {
			isa = PBXResourcesBuildPhase;
			buildActionMask = 2147483647;
			files = (
				EC0C1582A8F456FF33550289 /* Assets.xcassets in Resources */,
			);
			runOnlyForDeploymentPostprocessing = 0;
		};
		EC0C1FA5FAD5FDB83B5AE123 /* Resources */ = {
			isa = PBXResourcesBuildPhase;
			buildActionMask = 2147483647;
			files = (
				EC0C1554BD625E2142EDC35A /* Assets.xcassets in Resources */,
			);
			runOnlyForDeploymentPostprocessing = 0;
		};
/* End PBXResourcesBuildPhase section */

/* Begin PBXSourcesBuildPhase section */
		EC0C123B765B84CBB6C82C2A /* Sources */ = {
			isa = PBXSourcesBuildPhase;
			buildActionMask = 2147483647;
			files = (
				EC0C1FACBB40ED73390887DE /* ArithmioApp.swift in Sources */,
				EC0C117E103B048F87450E5A /* ContentView.swift in Sources */,
			);
			runOnlyForDeploymentPostprocessing = 0;
		};
		EC0C19D168B91213FED040AA /* Sources */ = {
			isa = PBXSourcesBuildPhase;
			buildActionMask = 2147483647;
			files = (
				EC0C192319F37A2AD66962ED /* ArithmioApp.swift in Sources */,
				EC0C1C1E79D0B78B87CBC386 /* ContentView.swift in Sources */,
			);
			runOnlyForDeploymentPostprocessing = 0;
		};
/* End PBXSourcesBuildPhase section */

/* Begin XCBuildConfiguration section */
		EC0C1058271ED40A0916A23A /* Debug */ = {
			isa = XCBuildConfiguration;
			buildSettings = {
				ASSETCATALOG_COMPILER_APPICON_NAME = AppIcon;
				ASSETCATALOG_COMPILER_GLOBAL_ACCENT_COLOR_NAME = AccentColor;
				CODE_SIGN_ENTITLEMENTS = macOS/macOS.entitlements;
				COMBINE_HIDPI_IMAGES = YES;
				CURRENT_PROJECT_VERSION = 1;
				ENABLE_PREVIEWS = YES;
				GENERATE_INFOPLIST_FILE = YES;
				INFOPLIST_KEY_NSHumanReadableCopyright = "";
				LD_RUNPATH_SEARCH_PATHS = "$(inherited) @executable_path/../Frameworks";
				MACOSX_DEPLOYMENT_TARGET = 12.2;
				MARKETING_VERSION = 1.0;
				PRODUCT_BUNDLE_IDENTIFIER = com.kigya.Arithmio;
				PRODUCT_NAME = Arithmio;
				SDKROOT = macosx;
				SWIFT_EMIT_LOC_STRINGS = YES;
				SWIFT_VERSION = 5.0;
			};
			name = Debug;
		};
		EC0C137FC043B5EE8A854F6D /* Release */ = {
			isa = XCBuildConfiguration;
			buildSettings = {
				ALWAYS_SEARCH_USER_PATHS = NO;
				CLANG_ANALYZER_NONNULL = YES;
				CLANG_ANALYZER_NUMBER_OBJECT_CONVERSION = YES_AGGRESSIVE;
				CLANG_CXX_LANGUAGE_STANDARD = "gnu++17";
				CLANG_CXX_LIBRARY = "libc++";
				CLANG_ENABLE_MODULES = YES;
				CLANG_ENABLE_OBJC_ARC = YES;
				CLANG_ENABLE_OBJC_WEAK = YES;
				CLANG_WARN_BLOCK_CAPTURE_AUTORELEASING = YES;
				CLANG_WARN_BOOL_CONVERSION = YES;
				CLANG_WARN_COMMA = YES;
				CLANG_WARN_CONSTANT_CONVERSION = YES;
				CLANG_WARN_DEPRECATED_OBJC_IMPLEMENTATIONS = YES;
				CLANG_WARN_DIRECT_OBJC_ISA_USAGE = YES_ERROR;
				CLANG_WARN_DOCUMENTATION_COMMENTS = YES;
				CLANG_WARN_EMPTY_BODY = YES;
				CLANG_WARN_ENUM_CONVERSION = YES;
				CLANG_WARN_INFINITE_RECURSION = YES;
				CLANG_WARN_INT_CONVERSION = YES;
				CLANG_WARN_NON_LITERAL_NULL_CONVERSION = YES;
				CLANG_WARN_OBJC_IMPLICIT_RETAIN_SELF = YES;
				CLANG_WARN_OBJC_LITERAL_CONVERSION = YES;
				CLANG_WARN_OBJC_ROOT_CLASS = YES_ERROR;
				CLANG_WARN_QUOTED_INCLUDE_IN_FRAMEWORK_HEADER = YES;
				CLANG_WARN_RANGE_LOOP_ANALYSIS = YES;
				CLANG_WARN_STRICT_PROTOTYPES = YES;
				CLANG_WARN_SUSPICIOUS_MOVE = YES;
				CLANG_WARN_UNGUARDED_AVAILABILITY = YES_AGGRESSIVE;
				CLANG_WARN_UNREACHABLE_CODE = YES;
				CLANG_WARN__DUPLICATE_METHOD_MATCH = YES;
				COPY_PHASE_STRIP = NO;
				DEBUG_INFORMATION_FORMAT = "dwarf-with-dsym";
				ENABLE_NS_ASSERTIONS = NO;
				ENABLE_STRICT_OBJC_MSGSEND = YES;
				GCC_C_LANGUAGE_STANDARD = gnu11;
				GCC_NO_COMMON_BLOCKS = YES;
				GCC_WARN_64_TO_32_BIT_CONVERSION = YES;
				GCC_WARN_ABOUT_RETURN_TYPE = YES_ERROR;
				GCC_WARN_UNDECLARED_SELECTOR = YES;
				GCC_WARN_UNINITIALIZED_AUTOS = YES_AGGRESSIVE;
				GCC_WARN_UNUSED_FUNCTION = YES;
				GCC_WARN_UNUSED_VARIABLE = YES;
				MTL_ENABLE_DEBUG_INFO = NO;
				MTL_FAST_MATH = YES;
				SWIFT_COMPILATION_MODE = wholemodule;
				SWIFT_OPTIMIZATION_LEVEL = "-O";
			};
			name = Release;
		};
		EC0C1624F2F7273886F5588E /* Release */ = {
			isa = XCBuildConfiguration;
			buildSettings = {
				ASSETCATALOG_COMPILER_APPICON_NAME = AppIcon;
				ASSETCATALOG_COMPILER_GLOBAL_ACCENT_COLOR_NAME = AccentColor;
				CODE_SIGN_ENTITLEMENTS = macOS/macOS.entitlements;
				COMBINE_HIDPI_IMAGES = YES;
				CURRENT_PROJECT_VERSION = 1;
				ENABLE_PREVIEWS = YES;
				GENERATE_INFOPLIST_FILE = YES;
				INFOPLIST_KEY_NSHumanReadableCopyright = "";
				LD_RUNPATH_SEARCH_PATHS = "$(inherited) @executable_path/../Frameworks";
				MACOSX_DEPLOYMENT_TARGET = 12.2;
				MARKETING_VERSION = 1.0;
				PRODUCT_BUNDLE_IDENTIFIER = com.kigya.Arithmio;
				PRODUCT_NAME = Arithmio;
				SDKROOT = macosx;
				SWIFT_EMIT_LOC_STRINGS = YES;
				SWIFT_VERSION = 5.0;
			};
			name = Release;
		};
		EC0C1C08101D066BC1E60A5F /* Debug */ = {
			isa = XCBuildConfiguration;
			buildSettings = {
				ALWAYS_SEARCH_USER_PATHS = NO;
				CLANG_ANALYZER_NONNULL = YES;
				CLANG_ANALYZER_NUMBER_OBJECT_CONVERSION = YES_AGGRESSIVE;
				CLANG_CXX_LANGUAGE_STANDARD = "gnu++17";
				CLANG_CXX_LIBRARY = "libc++";
				CLANG_ENABLE_MODULES = YES;
				CLANG_ENABLE_OBJC_ARC = YES;
				CLANG_ENABLE_OBJC_WEAK = YES;
				CLANG_WARN_BLOCK_CAPTURE_AUTORELEASING = YES;
				CLANG_WARN_BOOL_CONVERSION = YES;
				CLANG_WARN_COMMA = YES;
				CLANG_WARN_CONSTANT_CONVERSION = YES;
				CLANG_WARN_DEPRECATED_OBJC_IMPLEMENTATIONS = YES;
				CLANG_WARN_DIRECT_OBJC_ISA_USAGE = YES_ERROR;
				CLANG_WARN_DOCUMENTATION_COMMENTS = YES;
				CLANG_WARN_EMPTY_BODY = YES;
				CLANG_WARN_ENUM_CONVERSION = YES;
				CLANG_WARN_INFINITE_RECURSION = YES;
				CLANG_WARN_INT_CONVERSION = YES;
				CLANG_WARN_NON_LITERAL_NULL_CONVERSION = YES;
				CLANG_WARN_OBJC_IMPLICIT_RETAIN_SELF = YES;
				CLANG_WARN_OBJC_LITERAL_CONVERSION = YES;
				CLANG_WARN_OBJC_ROOT_CLASS = YES_ERROR;
				CLANG_WARN_QUOTED_INCLUDE_IN_FRAMEWORK_HEADER = YES;
				CLANG_WARN_RANGE_LOOP_ANALYSIS = YES;
				CLANG_WARN_STRICT_PROTOTYPES = YES;
				CLANG_WARN_SUSPICIOUS_MOVE = YES;
				CLANG_WARN_UNGUARDED_AVAILABILITY = YES_AGGRESSIVE;
				CLANG_WARN_UNREACHABLE_CODE = YES;
				CLANG_WARN__DUPLICATE_METHOD_MATCH = YES;
				COPY_PHASE_STRIP = NO;
				DEBUG_INFORMATION_FORMAT = dwarf;
				ENABLE_STRICT_OBJC_MSGSEND = YES;
				ENABLE_TESTABILITY = YES;
				GCC_C_LANGUAGE_STANDARD = gnu11;
				GCC_DYNAMIC_NO_PIC = NO;
				GCC_NO_COMMON_BLOCKS = YES;
				GCC_OPTIMIZATION_LEVEL = 0;
				GCC_PREPROCESSOR_DEFINITIONS = (
					"DEBUG=1",
					"$(inherited)",
				);
				GCC_WARN_64_TO_32_BIT_CONVERSION = YES;
				GCC_WARN_ABOUT_RETURN_TYPE = YES_ERROR;
				GCC_WARN_UNDECLARED_SELECTOR = YES;
				GCC_WARN_UNINITIALIZED_AUTOS = YES_AGGRESSIVE;
				GCC_WARN_UNUSED_FUNCTION = YES;
				GCC_WARN_UNUSED_VARIABLE = YES;
				MTL_ENABLE_DEBUG_INFO = INCLUDE_SOURCE;
				MTL_FAST_MATH = YES;
				ONLY_ACTIVE_ARCH = YES;
				SWIFT_ACTIVE_COMPILATION_CONDITIONS = DEBUG;
				SWIFT_OPTIMIZATION_LEVEL = "-Onone";
			};
			name = Debug;
		};
		EC0C1CC080CCFFE3180C8E57 /* Release */ = {
			isa = XCBuildConfiguration;
			buildSettings = {
				ASSETCATALOG_COMPILER_APPICON_NAME = AppIcon;
				ASSETCATALOG_COMPILER_GLOBAL_ACCENT_COLOR_NAME = AccentColor;
				CURRENT_PROJECT_VERSION = 1;
				ENABLE_PREVIEWS = YES;
				GENERATE_INFOPLIST_FILE = YES;
				INFOPLIST_KEY_UIApplicationSceneManifest_Generation = YES;
				INFOPLIST_KEY_UIApplicationSupportsIndirectInputEvents = YES;
				INFOPLIST_KEY_UILaunchScreen_Generation = YES;
				INFOPLIST_KEY_UISupportedInterfaceOrientations_iPad = "UIInterfaceOrientationPortrait UIInterfaceOrientationPortraitUpsideDown UIInterfaceOrientationLandscapeLeft UIInterfaceOrientationLandscapeRight";
				INFOPLIST_KEY_UISupportedInterfaceOrientations_iPhone = "UIInterfaceOrientationPortrait UIInterfaceOrientationLandscapeLeft UIInterfaceOrientationLandscapeRight";
				IPHONEOS_DEPLOYMENT_TARGET = 15.2;
				LD_RUNPATH_SEARCH_PATHS = "$(inherited) @executable_path/Frameworks";
				MARKETING_VERSION = 1.0;
				PRODUCT_BUNDLE_IDENTIFIER = com.kigya.Arithmio;
				PRODUCT_NAME = Arithmio;
				SDKROOT = iphoneos;
				SWIFT_EMIT_LOC_STRINGS = YES;
				SWIFT_VERSION = 5.0;
				TARGETED_DEVICE_FAMILY = "1,2";
				VALIDATE_PRODUCT = YES;
			};
			name = Release;
		};
		EC0C1D0B207BD89131F11475 /* Debug */ = {
			isa = XCBuildConfiguration;
			buildSettings = {
				ASSETCATALOG_COMPILER_APPICON_NAME = AppIcon;
				ASSETCATALOG_COMPILER_GLOBAL_ACCENT_COLOR_NAME = AccentColor;
				CURRENT_PROJECT_VERSION = 1;
				ENABLE_PREVIEWS = YES;
				GENERATE_INFOPLIST_FILE = YES;
				INFOPLIST_KEY_UIApplicationSceneManifest_Generation = YES;
				INFOPLIST_KEY_UIApplicationSupportsIndirectInputEvents = YES;
				INFOPLIST_KEY_UILaunchScreen_Generation = YES;
				INFOPLIST_KEY_UISupportedInterfaceOrientations_iPad = "UIInterfaceOrientationPortrait UIInterfaceOrientationPortraitUpsideDown UIInterfaceOrientationLandscapeLeft UIInterfaceOrientationLandscapeRight";
				INFOPLIST_KEY_UISupportedInterfaceOrientations_iPhone = "UIInterfaceOrientationPortrait UIInterfaceOrientationLandscapeLeft UIInterfaceOrientationLandscapeRight";
				IPHONEOS_DEPLOYMENT_TARGET = 15.2;
				LD_RUNPATH_SEARCH_PATHS = "$(inherited) @executable_path/Frameworks";
				MARKETING_VERSION = 1.0;
				PRODUCT_BUNDLE_IDENTIFIER = com.kigya.Arithmio;
				PRODUCT_NAME = Arithmio;
				SDKROOT = iphoneos;
				SWIFT_EMIT_LOC_STRINGS = YES;
				SWIFT_VERSION = 5.0;
				TARGETED_DEVICE_FAMILY = "1,2";
			};
			name = Debug;
		};
/* End XCBuildConfiguration section */

/* Begin XCConfigurationList section */
		EC0C15FC2B56F6C053379E8F /* Build configuration list for PBXProject "Arithmio" */ = {
			isa = XCConfigurationList;
			buildConfigurations = (
				EC0C1C08101D066BC1E60A5F /* Debug */,
				EC0C137FC043B5EE8A854F6D /* Release */,
			);
			defaultConfigurationIsVisible = 0;
			defaultConfigurationName = Release;
		};
		EC0C1A2793E90186227E5232 /* Build configuration list for PBXNativeTarget "Arithmio (macOS)" */ = {
			isa = XCConfigurationList;
			buildConfigurations = (
				EC0C1058271ED40A0916A23A /* Debug */,
				EC0C1624F2F7273886F5588E /* Release */,
			);
			defaultConfigurationIsVisible = 0;
		};
		EC0C1D757F34255ACD0E491B /* Build configuration list for PBXNativeTarget "Arithmio (iOS)" */ = {
			isa = XCConfigurationList;
			buildConfigurations = (
				EC0C1D0B207BD89131F11475 /* Debug */,
				EC0C1CC080CCFFE3180C8E57 /* Release */,
			);
			defaultConfigurationIsVisible = 0;
		};
/* End XCConfigurationList section */
	};
	rootObject = EC0C1723AC05C907045991C6 /* Project object */;
}
